
Microsoft Visual Studio Solution File, Format Version 12.00
# Visual Studio Version 17
VisualStudioVersion = 17.9.34622.214
MinimumVisualStudioVersion = 10.0.40219.1
Project("{FAE04EC0-301F-11D3-BF4B-00C04F79EFBC}") = "ManualTransDB", "ManualTransDB\ManualTransDB.csproj", "{94A68A49-CF8A-47AB-BD6A-D78AE17EDD10}"
EndProject
Global
	GlobalSection(SolutionConfigurationPlatforms) = preSolution
		Debug|Any CPU = Debug|Any CPU
		Release|Any CPU = Release|Any CPU
	EndGlobalSection
	GlobalSection(ProjectConfigurationPlatforms) = postSolution
		{94A68A49-CF8A-47AB-BD6A-D78AE17EDD10}.Debug|Any CPU.ActiveCfg = Debug|Any CPU
		{94A68A49-CF8A-47AB-BD6A-D78AE17EDD10}.Debug|Any CPU.Build.0 = Debug|Any CPU
		{94A68A49-CF8A-47AB-BD6A-D78AE17EDD10}.Release|Any CPU.ActiveCfg = Release|Any CPU
		{94A68A49-CF8A-47AB-BD6A-D78AE17EDD10}.Release|Any CPU.Build.0 = Release|Any CPU
	EndGlobalSection
	GlobalSection(SolutionProperties) = preSolution
		HideSolutionNode = FALSE
	EndGlobalSection
	GlobalSection(ExtensibilityGlobals) = postSolution
		SolutionGuid = {64E047D0-5C87-4062-A4C0-45399A4EC73C}
	EndGlobalSection
EndGlobal
